// !$*UTF8*$!
{
	archiveVersion = 1;
	classes = {
	};
	objectVersion = 52;
	objects = {

/* Begin PBXBuildFile section */
		250C314F24547F5D002D458E /* PetsInteractor.swift in Sources */ = {isa = PBXBuildFile; fileRef = 250C314E24547F5D002D458E /* PetsInteractor.swift */; };
		250C31522454808B002D458E /* PetsInteractorTests.swift in Sources */ = {isa = PBXBuildFile; fileRef = 250C31512454808B002D458E /* PetsInteractorTests.swift */; };
		250C315524548AA7002D458E /* PetsPresenter.swift in Sources */ = {isa = PBXBuildFile; fileRef = 250C315424548AA7002D458E /* PetsPresenter.swift */; };
		250C315724548BA5002D458E /* PetsPresenterTests.swift in Sources */ = {isa = PBXBuildFile; fileRef = 250C315624548BA5002D458E /* PetsPresenterTests.swift */; };
		250C315A24548FB1002D458E /* ViewModelBuilder.swift in Sources */ = {isa = PBXBuildFile; fileRef = 250C315924548FB1002D458E /* ViewModelBuilder.swift */; };
		250C315C24549090002D458E /* ViewModelBuilderTests.swift in Sources */ = {isa = PBXBuildFile; fileRef = 250C315B24549090002D458E /* ViewModelBuilderTests.swift */; };
		250C315F2454D559002D458E /* MockPetsRouter.swift in Sources */ = {isa = PBXBuildFile; fileRef = 250C315E2454D559002D458E /* MockPetsRouter.swift */; };
		250C31612454F4CF002D458E /* PetsViewControllerFactory.swift in Sources */ = {isa = PBXBuildFile; fileRef = 250C31602454F4CF002D458E /* PetsViewControllerFactory.swift */; };
		250C31632454F8E4002D458E /* AuthorizationInjector.swift in Sources */ = {isa = PBXBuildFile; fileRef = 250C31622454F8E4002D458E /* AuthorizationInjector.swift */; };
		252AEF5424539750004ED119 /* AppDelegate.swift in Sources */ = {isa = PBXBuildFile; fileRef = 252AEF5324539750004ED119 /* AppDelegate.swift */; };
		252AEF5824539750004ED119 /* PetsViewController.swift in Sources */ = {isa = PBXBuildFile; fileRef = 252AEF5724539750004ED119 /* PetsViewController.swift */; };
		252AEF5B24539750004ED119 /* Main.storyboard in Resources */ = {isa = PBXBuildFile; fileRef = 252AEF5924539750004ED119 /* Main.storyboard */; };
		252AEF5D24539752004ED119 /* Assets.xcassets in Resources */ = {isa = PBXBuildFile; fileRef = 252AEF5C24539752004ED119 /* Assets.xcassets */; };
		252AEF6024539752004ED119 /* LaunchScreen.storyboard in Resources */ = {isa = PBXBuildFile; fileRef = 252AEF5E24539752004ED119 /* LaunchScreen.storyboard */; };
		252AEF6B24539752004ED119 /* PetsTests.swift in Sources */ = {isa = PBXBuildFile; fileRef = 252AEF6A24539752004ED119 /* PetsTests.swift */; };
		252AEF77245398F4004ED119 /* NetworkingS in Frameworks */ = {isa = PBXBuildFile; productRef = 252AEF76245398F4004ED119 /* NetworkingS */; };
		2588551A2455B77A0084EE29 /* PublicImagesService.swift in Sources */ = {isa = PBXBuildFile; fileRef = 258855192455B77A0084EE29 /* PublicImagesService.swift */; };
		25B5E21B24539D35003695E6 /* PetsRouter.swift in Sources */ = {isa = PBXBuildFile; fileRef = 25B5E21924539D35003695E6 /* PetsRouter.swift */; };
		25B5E21C24539D35003695E6 /* ErrorViewControllerFactory.swift in Sources */ = {isa = PBXBuildFile; fileRef = 25B5E21A24539D35003695E6 /* ErrorViewControllerFactory.swift */; };
		25B5E2232453A2D1003695E6 /* BreedServiceInterface.swift in Sources */ = {isa = PBXBuildFile; fileRef = 25B5E2222453A2D1003695E6 /* BreedServiceInterface.swift */; };
		25B5E2252453A2EE003695E6 /* BreedService.swift in Sources */ = {isa = PBXBuildFile; fileRef = 25B5E2242453A2EE003695E6 /* BreedService.swift */; };
		25B5E2272453B38A003695E6 /* Environment.swift in Sources */ = {isa = PBXBuildFile; fileRef = 25B5E2262453B38A003695E6 /* Environment.swift */; };
		25B5E22A2453B923003695E6 /* Kingfisher in Frameworks */ = {isa = PBXBuildFile; productRef = 25B5E2292453B923003695E6 /* Kingfisher */; };
		25B5E22C24545E1C003695E6 /* PetTableViewCell.swift in Sources */ = {isa = PBXBuildFile; fileRef = 25B5E22B24545E1C003695E6 /* PetTableViewCell.swift */; };
		25B5E22E24545E61003695E6 /* TemperamentCollectionViewCell.swift in Sources */ = {isa = PBXBuildFile; fileRef = 25B5E22D24545E61003695E6 /* TemperamentCollectionViewCell.swift */; };
		25B5E234245462EA003695E6 /* MockDecodingService.swift in Sources */ = {isa = PBXBuildFile; fileRef = 25B5E233245462EA003695E6 /* MockDecodingService.swift */; };
		25B5E2362454634B003695E6 /* BreedServiceTests.swift in Sources */ = {isa = PBXBuildFile; fileRef = 25B5E2352454634B003695E6 /* BreedServiceTests.swift */; };
		25B5E23A24546D95003695E6 /* DescriptiveError.swift in Sources */ = {isa = PBXBuildFile; fileRef = 25B5E23924546D95003695E6 /* DescriptiveError.swift */; };
		25BA67AC2455F1AF007477D1 /* MockInteractor.swift in Sources */ = {isa = PBXBuildFile; fileRef = 25BA67AB2455F1AF007477D1 /* MockInteractor.swift */; };
		25BA67AF24561028007477D1 /* PublicImagesServiceTests.swift in Sources */ = {isa = PBXBuildFile; fileRef = 25BA67AE24561028007477D1 /* PublicImagesServiceTests.swift */; };
		25C2700F245614D7009FFEE5 /* ImageRequestModifier.swift in Sources */ = {isa = PBXBuildFile; fileRef = 25C2700E245614D7009FFEE5 /* ImageRequestModifier.swift */; };
		25C2701124561549009FFEE5 /* ImageRequestModifierTests.swift in Sources */ = {isa = PBXBuildFile; fileRef = 25C2701024561549009FFEE5 /* ImageRequestModifierTests.swift */; };
		25C27013245616A3009FFEE5 /* AuthorizationInjectorTests.swift in Sources */ = {isa = PBXBuildFile; fileRef = 25C27012245616A3009FFEE5 /* AuthorizationInjectorTests.swift */; };
		25C2701624562A28009FFEE5 /* PetsRouterTests.swift in Sources */ = {isa = PBXBuildFile; fileRef = 25C2701524562A28009FFEE5 /* PetsRouterTests.swift */; };
		25C2701824562EF9009FFEE5 /* BreedTests.swift in Sources */ = {isa = PBXBuildFile; fileRef = 25C2701724562EF9009FFEE5 /* BreedTests.swift */; };
		25C2701A24563519009FFEE5 /* README.md in Resources */ = {isa = PBXBuildFile; fileRef = 25C2701924563519009FFEE5 /* README.md */; };
/* End PBXBuildFile section */

/* Begin PBXContainerItemProxy section */
		252AEF6724539752004ED119 /* PBXContainerItemProxy */ = {
			isa = PBXContainerItemProxy;
			containerPortal = 252AEF4824539750004ED119 /* Project object */;
			proxyType = 1;
			remoteGlobalIDString = 252AEF4F24539750004ED119;
			remoteInfo = Pets;
		};
/* End PBXContainerItemProxy section */

/* Begin PBXFileReference section */
		250C314E24547F5D002D458E /* PetsInteractor.swift */ = {isa = PBXFileReference; lastKnownFileType = sourcecode.swift; path = PetsInteractor.swift; sourceTree = "<group>"; };
		250C31512454808B002D458E /* PetsInteractorTests.swift */ = {isa = PBXFileReference; lastKnownFileType = sourcecode.swift; path = PetsInteractorTests.swift; sourceTree = "<group>"; };
		250C315424548AA7002D458E /* PetsPresenter.swift */ = {isa = PBXFileReference; lastKnownFileType = sourcecode.swift; path = PetsPresenter.swift; sourceTree = "<group>"; };
		250C315624548BA5002D458E /* PetsPresenterTests.swift */ = {isa = PBXFileReference; lastKnownFileType = sourcecode.swift; path = PetsPresenterTests.swift; sourceTree = "<group>"; };
		250C315924548FB1002D458E /* ViewModelBuilder.swift */ = {isa = PBXFileReference; lastKnownFileType = sourcecode.swift; path = ViewModelBuilder.swift; sourceTree = "<group>"; };
		250C315B24549090002D458E /* ViewModelBuilderTests.swift */ = {isa = PBXFileReference; lastKnownFileType = sourcecode.swift; path = ViewModelBuilderTests.swift; sourceTree = "<group>"; };
		250C315E2454D559002D458E /* MockPetsRouter.swift */ = {isa = PBXFileReference; lastKnownFileType = sourcecode.swift; path = MockPetsRouter.swift; sourceTree = "<group>"; };
		250C31602454F4CF002D458E /* PetsViewControllerFactory.swift */ = {isa = PBXFileReference; lastKnownFileType = sourcecode.swift; path = PetsViewControllerFactory.swift; sourceTree = "<group>"; };
		250C31622454F8E4002D458E /* AuthorizationInjector.swift */ = {isa = PBXFileReference; lastKnownFileType = sourcecode.swift; path = AuthorizationInjector.swift; sourceTree = "<group>"; };
		252AEF5024539750004ED119 /* Pets.app */ = {isa = PBXFileReference; explicitFileType = wrapper.application; includeInIndex = 0; path = Pets.app; sourceTree = BUILT_PRODUCTS_DIR; };
		252AEF5324539750004ED119 /* AppDelegate.swift */ = {isa = PBXFileReference; lastKnownFileType = sourcecode.swift; path = AppDelegate.swift; sourceTree = "<group>"; };
		252AEF5724539750004ED119 /* PetsViewController.swift */ = {isa = PBXFileReference; lastKnownFileType = sourcecode.swift; path = PetsViewController.swift; sourceTree = "<group>"; };
		252AEF5A24539750004ED119 /* Base */ = {isa = PBXFileReference; lastKnownFileType = file.storyboard; name = Base; path = Base.lproj/Main.storyboard; sourceTree = "<group>"; };
		252AEF5C24539752004ED119 /* Assets.xcassets */ = {isa = PBXFileReference; lastKnownFileType = folder.assetcatalog; path = Assets.xcassets; sourceTree = "<group>"; };
		252AEF5F24539752004ED119 /* Base */ = {isa = PBXFileReference; lastKnownFileType = file.storyboard; name = Base; path = Base.lproj/LaunchScreen.storyboard; sourceTree = "<group>"; };
		252AEF6124539752004ED119 /* Info.plist */ = {isa = PBXFileReference; lastKnownFileType = text.plist.xml; path = Info.plist; sourceTree = "<group>"; };
		252AEF6624539752004ED119 /* PetsTests.xctest */ = {isa = PBXFileReference; explicitFileType = wrapper.cfbundle; includeInIndex = 0; path = PetsTests.xctest; sourceTree = BUILT_PRODUCTS_DIR; };
		252AEF6A24539752004ED119 /* PetsTests.swift */ = {isa = PBXFileReference; lastKnownFileType = sourcecode.swift; path = PetsTests.swift; sourceTree = "<group>"; };
		252AEF6C24539752004ED119 /* Info.plist */ = {isa = PBXFileReference; lastKnownFileType = text.plist.xml; path = Info.plist; sourceTree = "<group>"; };
		258855192455B77A0084EE29 /* PublicImagesService.swift */ = {isa = PBXFileReference; lastKnownFileType = sourcecode.swift; path = PublicImagesService.swift; sourceTree = "<group>"; };
		25B5E21924539D35003695E6 /* PetsRouter.swift */ = {isa = PBXFileReference; fileEncoding = 4; lastKnownFileType = sourcecode.swift; path = PetsRouter.swift; sourceTree = "<group>"; };
		25B5E21A24539D35003695E6 /* ErrorViewControllerFactory.swift */ = {isa = PBXFileReference; fileEncoding = 4; lastKnownFileType = sourcecode.swift; path = ErrorViewControllerFactory.swift; sourceTree = "<group>"; };
		25B5E2222453A2D1003695E6 /* BreedServiceInterface.swift */ = {isa = PBXFileReference; lastKnownFileType = sourcecode.swift; path = BreedServiceInterface.swift; sourceTree = "<group>"; };
		25B5E2242453A2EE003695E6 /* BreedService.swift */ = {isa = PBXFileReference; lastKnownFileType = sourcecode.swift; path = BreedService.swift; sourceTree = "<group>"; };
		25B5E2262453B38A003695E6 /* Environment.swift */ = {isa = PBXFileReference; lastKnownFileType = sourcecode.swift; path = Environment.swift; sourceTree = "<group>"; };
		25B5E22B24545E1C003695E6 /* PetTableViewCell.swift */ = {isa = PBXFileReference; lastKnownFileType = sourcecode.swift; path = PetTableViewCell.swift; sourceTree = "<group>"; };
		25B5E22D24545E61003695E6 /* TemperamentCollectionViewCell.swift */ = {isa = PBXFileReference; lastKnownFileType = sourcecode.swift; path = TemperamentCollectionViewCell.swift; sourceTree = "<group>"; };
		25B5E233245462EA003695E6 /* MockDecodingService.swift */ = {isa = PBXFileReference; lastKnownFileType = sourcecode.swift; path = MockDecodingService.swift; sourceTree = "<group>"; };
		25B5E2352454634B003695E6 /* BreedServiceTests.swift */ = {isa = PBXFileReference; lastKnownFileType = sourcecode.swift; path = BreedServiceTests.swift; sourceTree = "<group>"; };
		25B5E23924546D95003695E6 /* DescriptiveError.swift */ = {isa = PBXFileReference; lastKnownFileType = sourcecode.swift; path = DescriptiveError.swift; sourceTree = "<group>"; };
		25BA67AB2455F1AF007477D1 /* MockInteractor.swift */ = {isa = PBXFileReference; lastKnownFileType = sourcecode.swift; path = MockInteractor.swift; sourceTree = "<group>"; };
		25BA67AE24561028007477D1 /* PublicImagesServiceTests.swift */ = {isa = PBXFileReference; lastKnownFileType = sourcecode.swift; path = PublicImagesServiceTests.swift; sourceTree = "<group>"; };
		25C2700E245614D7009FFEE5 /* ImageRequestModifier.swift */ = {isa = PBXFileReference; lastKnownFileType = sourcecode.swift; path = ImageRequestModifier.swift; sourceTree = "<group>"; };
		25C2701024561549009FFEE5 /* ImageRequestModifierTests.swift */ = {isa = PBXFileReference; lastKnownFileType = sourcecode.swift; path = ImageRequestModifierTests.swift; sourceTree = "<group>"; };
		25C27012245616A3009FFEE5 /* AuthorizationInjectorTests.swift */ = {isa = PBXFileReference; lastKnownFileType = sourcecode.swift; path = AuthorizationInjectorTests.swift; sourceTree = "<group>"; };
		25C2701524562A28009FFEE5 /* PetsRouterTests.swift */ = {isa = PBXFileReference; lastKnownFileType = sourcecode.swift; path = PetsRouterTests.swift; sourceTree = "<group>"; };
		25C2701724562EF9009FFEE5 /* BreedTests.swift */ = {isa = PBXFileReference; lastKnownFileType = sourcecode.swift; path = BreedTests.swift; sourceTree = "<group>"; };
		25C2701924563519009FFEE5 /* README.md */ = {isa = PBXFileReference; fileEncoding = 4; lastKnownFileType = net.daringfireball.markdown; name = README.md; path = ../README.md; sourceTree = "<group>"; };
/* End PBXFileReference section */

/* Begin PBXFrameworksBuildPhase section */
		252AEF4D24539750004ED119 /* Frameworks */ = {
			isa = PBXFrameworksBuildPhase;
			buildActionMask = 2147483647;
			files = (
				25B5E22A2453B923003695E6 /* Kingfisher in Frameworks */,
				252AEF77245398F4004ED119 /* NetworkingS in Frameworks */,
			);
			runOnlyForDeploymentPostprocessing = 0;
		};
		252AEF6324539752004ED119 /* Frameworks */ = {
			isa = PBXFrameworksBuildPhase;
			buildActionMask = 2147483647;
			files = (
			);
			runOnlyForDeploymentPostprocessing = 0;
		};
/* End PBXFrameworksBuildPhase section */

/* Begin PBXGroup section */
		250C315024548076002D458E /* Interactor */ = {
			isa = PBXGroup;
			children = (
				250C31512454808B002D458E /* PetsInteractorTests.swift */,
			);
			path = Interactor;
			sourceTree = "<group>";
		};
		250C315324548A8F002D458E /* Presenter */ = {
			isa = PBXGroup;
			children = (
				250C315D2454D546002D458E /* Mocks */,
				250C315624548BA5002D458E /* PetsPresenterTests.swift */,
				250C315B24549090002D458E /* ViewModelBuilderTests.swift */,
			);
			path = Presenter;
			sourceTree = "<group>";
		};
		250C315D2454D546002D458E /* Mocks */ = {
			isa = PBXGroup;
			children = (
				250C315E2454D559002D458E /* MockPetsRouter.swift */,
				25BA67AB2455F1AF007477D1 /* MockInteractor.swift */,
			);
			path = Mocks;
			sourceTree = "<group>";
		};
		252AEF4724539750004ED119 = {
			isa = PBXGroup;
			children = (
				25C2701924563519009FFEE5 /* README.md */,
				252AEF5224539750004ED119 /* Pets */,
				252AEF6924539752004ED119 /* PetsTests */,
				252AEF5124539750004ED119 /* Products */,
			);
			sourceTree = "<group>";
		};
		252AEF5124539750004ED119 /* Products */ = {
			isa = PBXGroup;
			children = (
				252AEF5024539750004ED119 /* Pets.app */,
				252AEF6624539752004ED119 /* PetsTests.xctest */,
			);
			name = Products;
			sourceTree = "<group>";
		};
		252AEF5224539750004ED119 /* Pets */ = {
			isa = PBXGroup;
			children = (
				25B5E22024539D68003695E6 /* Services */,
				25B5E21F24539D5B003695E6 /* Interactor */,
				25B5E21E24539D50003695E6 /* Presenter */,
				25B5E21D24539D3D003695E6 /* View */,
				252AEF7824539CA1004ED119 /* Router */,
				252AEF5324539750004ED119 /* AppDelegate.swift */,
				252AEF5924539750004ED119 /* Main.storyboard */,
				252AEF5C24539752004ED119 /* Assets.xcassets */,
				252AEF5E24539752004ED119 /* LaunchScreen.storyboard */,
				252AEF6124539752004ED119 /* Info.plist */,
				250C31602454F4CF002D458E /* PetsViewControllerFactory.swift */,
			);
			path = Pets;
			sourceTree = "<group>";
		};
		252AEF6924539752004ED119 /* PetsTests */ = {
			isa = PBXGroup;
			children = (
				25C2701424562A13009FFEE5 /* Router */,
				250C315324548A8F002D458E /* Presenter */,
				250C315024548076002D458E /* Interactor */,
				25B5E22F24546249003695E6 /* Services */,
				252AEF6A24539752004ED119 /* PetsTests.swift */,
				252AEF6C24539752004ED119 /* Info.plist */,
			);
			path = PetsTests;
			sourceTree = "<group>";
		};
		252AEF7824539CA1004ED119 /* Router */ = {
			isa = PBXGroup;
			children = (
				25B5E21A24539D35003695E6 /* ErrorViewControllerFactory.swift */,
				25B5E21924539D35003695E6 /* PetsRouter.swift */,
			);
			path = Router;
			sourceTree = "<group>";
		};
		258855172455B74E0084EE29 /* Public image */ = {
			isa = PBXGroup;
			children = (
				258855192455B77A0084EE29 /* PublicImagesService.swift */,
				25C2700E245614D7009FFEE5 /* ImageRequestModifier.swift */,
			);
			path = "Public image";
			sourceTree = "<group>";
		};
		25B5E21D24539D3D003695E6 /* View */ = {
			isa = PBXGroup;
			children = (
				252AEF5724539750004ED119 /* PetsViewController.swift */,
				25B5E22B24545E1C003695E6 /* PetTableViewCell.swift */,
				25B5E22D24545E61003695E6 /* TemperamentCollectionViewCell.swift */,
			);
			path = View;
			sourceTree = "<group>";
		};
		25B5E21E24539D50003695E6 /* Presenter */ = {
			isa = PBXGroup;
			children = (
				250C315424548AA7002D458E /* PetsPresenter.swift */,
				250C315924548FB1002D458E /* ViewModelBuilder.swift */,
			);
			path = Presenter;
			sourceTree = "<group>";
		};
		25B5E21F24539D5B003695E6 /* Interactor */ = {
			isa = PBXGroup;
			children = (
				250C314E24547F5D002D458E /* PetsInteractor.swift */,
			);
			path = Interactor;
			sourceTree = "<group>";
		};
		25B5E22024539D68003695E6 /* Services */ = {
			isa = PBXGroup;
			children = (
				258855172455B74E0084EE29 /* Public image */,
				25B5E2212453A2B6003695E6 /* Breed */,
				25B5E2262453B38A003695E6 /* Environment.swift */,
				250C31622454F8E4002D458E /* AuthorizationInjector.swift */,
			);
			path = Services;
			sourceTree = "<group>";
		};
		25B5E2212453A2B6003695E6 /* Breed */ = {
			isa = PBXGroup;
			children = (
				25B5E2222453A2D1003695E6 /* BreedServiceInterface.swift */,
				25B5E2242453A2EE003695E6 /* BreedService.swift */,
			);
			path = Breed;
			sourceTree = "<group>";
		};
		25B5E22F24546249003695E6 /* Services */ = {
			isa = PBXGroup;
			children = (
				25B5E23824546D79003695E6 /* Mocks */,
				25BA67AD24560FFE007477D1 /* Public image */,
				25B5E23724546D49003695E6 /* Breed */,
				25C27012245616A3009FFEE5 /* AuthorizationInjectorTests.swift */,
			);
			path = Services;
			sourceTree = "<group>";
		};
		25B5E23724546D49003695E6 /* Breed */ = {
			isa = PBXGroup;
			children = (
				25B5E2352454634B003695E6 /* BreedServiceTests.swift */,
				25C2701724562EF9009FFEE5 /* BreedTests.swift */,
			);
			path = Breed;
			sourceTree = "<group>";
		};
		25B5E23824546D79003695E6 /* Mocks */ = {
			isa = PBXGroup;
			children = (
				25B5E233245462EA003695E6 /* MockDecodingService.swift */,
				25B5E23924546D95003695E6 /* DescriptiveError.swift */,
			);
			path = Mocks;
			sourceTree = "<group>";
		};
		25BA67AD24560FFE007477D1 /* Public image */ = {
			isa = PBXGroup;
			children = (
				25BA67AE24561028007477D1 /* PublicImagesServiceTests.swift */,
				25C2701024561549009FFEE5 /* ImageRequestModifierTests.swift */,
			);
			path = "Public image";
			sourceTree = "<group>";
		};
		25C2701424562A13009FFEE5 /* Router */ = {
			isa = PBXGroup;
			children = (
				25C2701524562A28009FFEE5 /* PetsRouterTests.swift */,
			);
			path = Router;
			sourceTree = "<group>";
		};
/* End PBXGroup section */

/* Begin PBXNativeTarget section */
		252AEF4F24539750004ED119 /* Pets */ = {
			isa = PBXNativeTarget;
			buildConfigurationList = 252AEF6F24539752004ED119 /* Build configuration list for PBXNativeTarget "Pets" */;
			buildPhases = (
				252AEF4C24539750004ED119 /* Sources */,
				252AEF4D24539750004ED119 /* Frameworks */,
				252AEF4E24539750004ED119 /* Resources */,
			);
			buildRules = (
			);
			dependencies = (
			);
			name = Pets;
			packageProductDependencies = (
				252AEF76245398F4004ED119 /* NetworkingS */,
				25B5E2292453B923003695E6 /* Kingfisher */,
			);
			productName = Pets;
			productReference = 252AEF5024539750004ED119 /* Pets.app */;
			productType = "com.apple.product-type.application";
		};
		252AEF6524539752004ED119 /* PetsTests */ = {
			isa = PBXNativeTarget;
			buildConfigurationList = 252AEF7224539752004ED119 /* Build configuration list for PBXNativeTarget "PetsTests" */;
			buildPhases = (
				252AEF6224539752004ED119 /* Sources */,
				252AEF6324539752004ED119 /* Frameworks */,
				252AEF6424539752004ED119 /* Resources */,
			);
			buildRules = (
			);
			dependencies = (
				252AEF6824539752004ED119 /* PBXTargetDependency */,
			);
			name = PetsTests;
			productName = PetsTests;
			productReference = 252AEF6624539752004ED119 /* PetsTests.xctest */;
			productType = "com.apple.product-type.bundle.unit-test";
		};
/* End PBXNativeTarget section */

/* Begin PBXProject section */
		252AEF4824539750004ED119 /* Project object */ = {
			isa = PBXProject;
			attributes = {
				LastSwiftUpdateCheck = 1140;
				LastUpgradeCheck = 1140;
				ORGANIZATIONNAME = "Andrei Popa";
				TargetAttributes = {
					252AEF4F24539750004ED119 = {
						CreatedOnToolsVersion = 11.4;
					};
					252AEF6524539752004ED119 = {
						CreatedOnToolsVersion = 11.4;
						TestTargetID = 252AEF4F24539750004ED119;
					};
				};
			};
			buildConfigurationList = 252AEF4B24539750004ED119 /* Build configuration list for PBXProject "Pets" */;
			compatibilityVersion = "Xcode 9.3";
			developmentRegion = en;
			hasScannedForEncodings = 0;
			knownRegions = (
				en,
				Base,
			);
			mainGroup = 252AEF4724539750004ED119;
			packageReferences = (
				252AEF75245398F4004ED119 /* XCRemoteSwiftPackageReference "NetworkingS" */,
				25B5E2282453B923003695E6 /* XCRemoteSwiftPackageReference "Kingfisher" */,
			);
			productRefGroup = 252AEF5124539750004ED119 /* Products */;
			projectDirPath = "";
			projectRoot = "";
			targets = (
				252AEF4F24539750004ED119 /* Pets */,
				252AEF6524539752004ED119 /* PetsTests */,
			);
		};
/* End PBXProject section */

/* Begin PBXResourcesBuildPhase section */
		252AEF4E24539750004ED119 /* Resources */ = {
			isa = PBXResourcesBuildPhase;
			buildActionMask = 2147483647;
			files = (
				252AEF6024539752004ED119 /* LaunchScreen.storyboard in Resources */,
				252AEF5D24539752004ED119 /* Assets.xcassets in Resources */,
				25C2701A24563519009FFEE5 /* README.md in Resources */,
				252AEF5B24539750004ED119 /* Main.storyboard in Resources */,
			);
			runOnlyForDeploymentPostprocessing = 0;
		};
		252AEF6424539752004ED119 /* Resources */ = {
			isa = PBXResourcesBuildPhase;
			buildActionMask = 2147483647;
			files = (
			);
			runOnlyForDeploymentPostprocessing = 0;
		};
/* End PBXResourcesBuildPhase section */

/* Begin PBXSourcesBuildPhase section */
		252AEF4C24539750004ED119 /* Sources */ = {
			isa = PBXSourcesBuildPhase;
			buildActionMask = 2147483647;
			files = (
				250C315A24548FB1002D458E /* ViewModelBuilder.swift in Sources */,
				25B5E21C24539D35003695E6 /* ErrorViewControllerFactory.swift in Sources */,
				252AEF5824539750004ED119 /* PetsViewController.swift in Sources */,
				250C314F24547F5D002D458E /* PetsInteractor.swift in Sources */,
				25B5E2252453A2EE003695E6 /* BreedService.swift in Sources */,
				25B5E2272453B38A003695E6 /* Environment.swift in Sources */,
				250C31612454F4CF002D458E /* PetsViewControllerFactory.swift in Sources */,
				250C31632454F8E4002D458E /* AuthorizationInjector.swift in Sources */,
				25B5E2232453A2D1003695E6 /* BreedServiceInterface.swift in Sources */,
				2588551A2455B77A0084EE29 /* PublicImagesService.swift in Sources */,
				25B5E22E24545E61003695E6 /* TemperamentCollectionViewCell.swift in Sources */,
				25C2700F245614D7009FFEE5 /* ImageRequestModifier.swift in Sources */,
				250C315524548AA7002D458E /* PetsPresenter.swift in Sources */,
				25B5E22C24545E1C003695E6 /* PetTableViewCell.swift in Sources */,
				25B5E21B24539D35003695E6 /* PetsRouter.swift in Sources */,
				252AEF5424539750004ED119 /* AppDelegate.swift in Sources */,
			);
			runOnlyForDeploymentPostprocessing = 0;
		};
		252AEF6224539752004ED119 /* Sources */ = {
			isa = PBXSourcesBuildPhase;
			buildActionMask = 2147483647;
			files = (
				25B5E2362454634B003695E6 /* BreedServiceTests.swift in Sources */,
				25C2701624562A28009FFEE5 /* PetsRouterTests.swift in Sources */,
				25B5E23A24546D95003695E6 /* DescriptiveError.swift in Sources */,
				25C27013245616A3009FFEE5 /* AuthorizationInjectorTests.swift in Sources */,
				25C2701124561549009FFEE5 /* ImageRequestModifierTests.swift in Sources */,
				250C315C24549090002D458E /* ViewModelBuilderTests.swift in Sources */,
				250C31522454808B002D458E /* PetsInteractorTests.swift in Sources */,
				25BA67AF24561028007477D1 /* PublicImagesServiceTests.swift in Sources */,
				25C2701824562EF9009FFEE5 /* BreedTests.swift in Sources */,
				252AEF6B24539752004ED119 /* PetsTests.swift in Sources */,
				250C315724548BA5002D458E /* PetsPresenterTests.swift in Sources */,
				25BA67AC2455F1AF007477D1 /* MockInteractor.swift in Sources */,
				250C315F2454D559002D458E /* MockPetsRouter.swift in Sources */,
				25B5E234245462EA003695E6 /* MockDecodingService.swift in Sources */,
			);
			runOnlyForDeploymentPostprocessing = 0;
		};
/* End PBXSourcesBuildPhase section */

/* Begin PBXTargetDependency section */
		252AEF6824539752004ED119 /* PBXTargetDependency */ = {
			isa = PBXTargetDependency;
			target = 252AEF4F24539750004ED119 /* Pets */;
			targetProxy = 252AEF6724539752004ED119 /* PBXContainerItemProxy */;
		};
/* End PBXTargetDependency section */

/* Begin PBXVariantGroup section */
		252AEF5924539750004ED119 /* Main.storyboard */ = {
			isa = PBXVariantGroup;
			children = (
				252AEF5A24539750004ED119 /* Base */,
			);
			name = Main.storyboard;
			sourceTree = "<group>";
		};
		252AEF5E24539752004ED119 /* LaunchScreen.storyboard */ = {
			isa = PBXVariantGroup;
			children = (
				252AEF5F24539752004ED119 /* Base */,
			);
			name = LaunchScreen.storyboard;
			sourceTree = "<group>";
		};
/* End PBXVariantGroup section */

/* Begin XCBuildConfiguration section */
		252AEF6D24539752004ED119 /* Debug */ = {
			isa = XCBuildConfiguration;
			buildSettings = {
				ALWAYS_SEARCH_USER_PATHS = NO;
				CLANG_ANALYZER_NONNULL = YES;
				CLANG_ANALYZER_NUMBER_OBJECT_CONVERSION = YES_AGGRESSIVE;
				CLANG_CXX_LANGUAGE_STANDARD = "gnu++14";
				CLANG_CXX_LIBRARY = "libc++";
				CLANG_ENABLE_MODULES = YES;
				CLANG_ENABLE_OBJC_ARC = YES;
				CLANG_ENABLE_OBJC_WEAK = YES;
				CLANG_WARN_BLOCK_CAPTURE_AUTORELEASING = YES;
				CLANG_WARN_BOOL_CONVERSION = YES;
				CLANG_WARN_COMMA = YES;
				CLANG_WARN_CONSTANT_CONVERSION = YES;
				CLANG_WARN_DEPRECATED_OBJC_IMPLEMENTATIONS = YES;
				CLANG_WARN_DIRECT_OBJC_ISA_USAGE = YES_ERROR;
				CLANG_WARN_DOCUMENTATION_COMMENTS = YES;
				CLANG_WARN_EMPTY_BODY = YES;
				CLANG_WARN_ENUM_CONVERSION = YES;
				CLANG_WARN_INFINITE_RECURSION = YES;
				CLANG_WARN_INT_CONVERSION = YES;
				CLANG_WARN_NON_LITERAL_NULL_CONVERSION = YES;
				CLANG_WARN_OBJC_IMPLICIT_RETAIN_SELF = YES;
				CLANG_WARN_OBJC_LITERAL_CONVERSION = YES;
				CLANG_WARN_OBJC_ROOT_CLASS = YES_ERROR;
				CLANG_WARN_RANGE_LOOP_ANALYSIS = YES;
				CLANG_WARN_STRICT_PROTOTYPES = YES;
				CLANG_WARN_SUSPICIOUS_MOVE = YES;
				CLANG_WARN_UNGUARDED_AVAILABILITY = YES_AGGRESSIVE;
				CLANG_WARN_UNREACHABLE_CODE = YES;
				CLANG_WARN__DUPLICATE_METHOD_MATCH = YES;
				COPY_PHASE_STRIP = NO;
				DEBUG_INFORMATION_FORMAT = dwarf;
				ENABLE_STRICT_OBJC_MSGSEND = YES;
				ENABLE_TESTABILITY = YES;
				GCC_C_LANGUAGE_STANDARD = gnu11;
				GCC_DYNAMIC_NO_PIC = NO;
				GCC_NO_COMMON_BLOCKS = YES;
				GCC_OPTIMIZATION_LEVEL = 0;
				GCC_PREPROCESSOR_DEFINITIONS = (
					"DEBUG=1",
					"$(inherited)",
				);
				GCC_WARN_64_TO_32_BIT_CONVERSION = YES;
				GCC_WARN_ABOUT_RETURN_TYPE = YES_ERROR;
				GCC_WARN_UNDECLARED_SELECTOR = YES;
				GCC_WARN_UNINITIALIZED_AUTOS = YES_AGGRESSIVE;
				GCC_WARN_UNUSED_FUNCTION = YES;
				GCC_WARN_UNUSED_VARIABLE = YES;
				IPHONEOS_DEPLOYMENT_TARGET = 13.4;
				MTL_ENABLE_DEBUG_INFO = INCLUDE_SOURCE;
				MTL_FAST_MATH = YES;
				ONLY_ACTIVE_ARCH = YES;
				SDKROOT = iphoneos;
				SWIFT_ACTIVE_COMPILATION_CONDITIONS = DEBUG;
				SWIFT_OPTIMIZATION_LEVEL = "-Onone";
			};
			name = Debug;
		};
		252AEF6E24539752004ED119 /* Release */ = {
			isa = XCBuildConfiguration;
			buildSettings = {
				ALWAYS_SEARCH_USER_PATHS = NO;
				CLANG_ANALYZER_NONNULL = YES;
				CLANG_ANALYZER_NUMBER_OBJECT_CONVERSION = YES_AGGRESSIVE;
				CLANG_CXX_LANGUAGE_STANDARD = "gnu++14";
				CLANG_CXX_LIBRARY = "libc++";
				CLANG_ENABLE_MODULES = YES;
				CLANG_ENABLE_OBJC_ARC = YES;
				CLANG_ENABLE_OBJC_WEAK = YES;
				CLANG_WARN_BLOCK_CAPTURE_AUTORELEASING = YES;
				CLANG_WARN_BOOL_CONVERSION = YES;
				CLANG_WARN_COMMA = YES;
				CLANG_WARN_CONSTANT_CONVERSION = YES;
				CLANG_WARN_DEPRECATED_OBJC_IMPLEMENTATIONS = YES;
				CLANG_WARN_DIRECT_OBJC_ISA_USAGE = YES_ERROR;
				CLANG_WARN_DOCUMENTATION_COMMENTS = YES;
				CLANG_WARN_EMPTY_BODY = YES;
				CLANG_WARN_ENUM_CONVERSION = YES;
				CLANG_WARN_INFINITE_RECURSION = YES;
				CLANG_WARN_INT_CONVERSION = YES;
				CLANG_WARN_NON_LITERAL_NULL_CONVERSION = YES;
				CLANG_WARN_OBJC_IMPLICIT_RETAIN_SELF = YES;
				CLANG_WARN_OBJC_LITERAL_CONVERSION = YES;
				CLANG_WARN_OBJC_ROOT_CLASS = YES_ERROR;
				CLANG_WARN_RANGE_LOOP_ANALYSIS = YES;
				CLANG_WARN_STRICT_PROTOTYPES = YES;
				CLANG_WARN_SUSPICIOUS_MOVE = YES;
				CLANG_WARN_UNGUARDED_AVAILABILITY = YES_AGGRESSIVE;
				CLANG_WARN_UNREACHABLE_CODE = YES;
				CLANG_WARN__DUPLICATE_METHOD_MATCH = YES;
				COPY_PHASE_STRIP = NO;
				DEBUG_INFORMATION_FORMAT = "dwarf-with-dsym";
				ENABLE_NS_ASSERTIONS = NO;
				ENABLE_STRICT_OBJC_MSGSEND = YES;
				GCC_C_LANGUAGE_STANDARD = gnu11;
				GCC_NO_COMMON_BLOCKS = YES;
				GCC_WARN_64_TO_32_BIT_CONVERSION = YES;
				GCC_WARN_ABOUT_RETURN_TYPE = YES_ERROR;
				GCC_WARN_UNDECLARED_SELECTOR = YES;
				GCC_WARN_UNINITIALIZED_AUTOS = YES_AGGRESSIVE;
				GCC_WARN_UNUSED_FUNCTION = YES;
				GCC_WARN_UNUSED_VARIABLE = YES;
				IPHONEOS_DEPLOYMENT_TARGET = 13.4;
				MTL_ENABLE_DEBUG_INFO = NO;
				MTL_FAST_MATH = YES;
				SDKROOT = iphoneos;
				SWIFT_COMPILATION_MODE = wholemodule;
				SWIFT_OPTIMIZATION_LEVEL = "-O";
				VALIDATE_PRODUCT = YES;
			};
			name = Release;
		};
		252AEF7024539752004ED119 /* Debug */ = {
			isa = XCBuildConfiguration;
			buildSettings = {
				ASSETCATALOG_COMPILER_APPICON_NAME = AppIcon;
				CODE_SIGN_STYLE = Automatic;
				INFOPLIST_FILE = Pets/Info.plist;
				LD_RUNPATH_SEARCH_PATHS = (
					"$(inherited)",
					"@executable_path/Frameworks",
				);
				PRODUCT_BUNDLE_IDENTIFIER = com.andrei.popa.Pets;
				PRODUCT_NAME = "$(TARGET_NAME)";
				SWIFT_VERSION = 5.0;
				TARGETED_DEVICE_FAMILY = "1,2";
			};
			name = Debug;
		};
		252AEF7124539752004ED119 /* Release */ = {
			isa = XCBuildConfiguration;
			buildSettings = {
				ASSETCATALOG_COMPILER_APPICON_NAME = AppIcon;
				CODE_SIGN_STYLE = Automatic;
				INFOPLIST_FILE = Pets/Info.plist;
				LD_RUNPATH_SEARCH_PATHS = (
					"$(inherited)",
					"@executable_path/Frameworks",
				);
				PRODUCT_BUNDLE_IDENTIFIER = com.andrei.popa.Pets;
				PRODUCT_NAME = "$(TARGET_NAME)";
				SWIFT_VERSION = 5.0;
				TARGETED_DEVICE_FAMILY = "1,2";
			};
			name = Release;
		};
		252AEF7324539752004ED119 /* Debug */ = {
			isa = XCBuildConfiguration;
			buildSettings = {
				ALWAYS_EMBED_SWIFT_STANDARD_LIBRARIES = YES;
				BUNDLE_LOADER = "$(TEST_HOST)";
				CODE_SIGN_STYLE = Automatic;
				INFOPLIST_FILE = PetsTests/Info.plist;
				IPHONEOS_DEPLOYMENT_TARGET = 13.4;
				LD_RUNPATH_SEARCH_PATHS = (
					"$(inherited)",
					"@executable_path/Frameworks",
					"@loader_path/Frameworks",
				);
				PRODUCT_BUNDLE_IDENTIFIER = com.andrei.popa.PetsTests;
				PRODUCT_NAME = "$(TARGET_NAME)";
				SWIFT_VERSION = 5.0;
				TARGETED_DEVICE_FAMILY = "1,2";
				TEST_HOST = "$(BUILT_PRODUCTS_DIR)/Pets.app/Pets";
			};
			name = Debug;
		};
		252AEF7424539752004ED119 /* Release */ = {
			isa = XCBuildConfiguration;
			buildSettings = {
				ALWAYS_EMBED_SWIFT_STANDARD_LIBRARIES = YES;
				BUNDLE_LOADER = "$(TEST_HOST)";
				CODE_SIGN_STYLE = Automatic;
				INFOPLIST_FILE = PetsTests/Info.plist;
				IPHONEOS_DEPLOYMENT_TARGET = 13.4;
				LD_RUNPATH_SEARCH_PATHS = (
					"$(inherited)",
					"@executable_path/Frameworks",
					"@loader_path/Frameworks",
				);
				PRODUCT_BUNDLE_IDENTIFIER = com.andrei.popa.PetsTests;
				PRODUCT_NAME = "$(TARGET_NAME)";
				SWIFT_VERSION = 5.0;
				TARGETED_DEVICE_FAMILY = "1,2";
				TEST_HOST = "$(BUILT_PRODUCTS_DIR)/Pets.app/Pets";
			};
			name = Release;
		};
/* End XCBuildConfiguration section */

/* Begin XCConfigurationList section */
		252AEF4B24539750004ED119 /* Build configuration list for PBXProject "Pets" */ = {
			isa = XCConfigurationList;
			buildConfigurations = (
				252AEF6D24539752004ED119 /* Debug */,
				252AEF6E24539752004ED119 /* Release */,
			);
			defaultConfigurationIsVisible = 0;
			defaultConfigurationName = Release;
		};
		252AEF6F24539752004ED119 /* Build configuration list for PBXNativeTarget "Pets" */ = {
			isa = XCConfigurationList;
			buildConfigurations = (
				252AEF7024539752004ED119 /* Debug */,
				252AEF7124539752004ED119 /* Release */,
			);
			defaultConfigurationIsVisible = 0;
			defaultConfigurationName = Release;
		};
		252AEF7224539752004ED119 /* Build configuration list for PBXNativeTarget "PetsTests" */ = {
			isa = XCConfigurationList;
			buildConfigurations = (
				252AEF7324539752004ED119 /* Debug */,
				252AEF7424539752004ED119 /* Release */,
			);
			defaultConfigurationIsVisible = 0;
			defaultConfigurationName = Release;
		};
/* End XCConfigurationList section */

/* Begin XCRemoteSwiftPackageReference section */
		252AEF75245398F4004ED119 /* XCRemoteSwiftPackageReference "NetworkingS" */ = {
			isa = XCRemoteSwiftPackageReference;
			repositoryURL = "https://github.com/andreipopa1002/NetworkingS";
			requirement = {
				kind = upToNextMajorVersion;
				minimumVersion = 0.0.2;
			};
		};
		25B5E2282453B923003695E6 /* XCRemoteSwiftPackageReference "Kingfisher" */ = {
			isa = XCRemoteSwiftPackageReference;
			repositoryURL = "https://github.com/onevcat/Kingfisher.git";
			requirement = {
				kind = upToNextMajorVersion;
				minimumVersion = 5.13.4;
			};
		};
/* End XCRemoteSwiftPackageReference section */

/* Begin XCSwiftPackageProductDependency section */
		252AEF76245398F4004ED119 /* NetworkingS */ = {
			isa = XCSwiftPackageProductDependency;
			package = 252AEF75245398F4004ED119 /* XCRemoteSwiftPackageReference "NetworkingS" */;
			productName = NetworkingS;
		};
		25B5E2292453B923003695E6 /* Kingfisher */ = {
			isa = XCSwiftPackageProductDependency;
			package = 25B5E2282453B923003695E6 /* XCRemoteSwiftPackageReference "Kingfisher" */;
			productName = Kingfisher;
		};
/* End XCSwiftPackageProductDependency section */
	};
	rootObject = 252AEF4824539750004ED119 /* Project object */;
}
