// !$*UTF8*$!
{
	archiveVersion = 1;
	classes = {
	};
	objectVersion = 52;
	objects = {

/* Begin PBXBuildFile section */
		252AEF5424539750004ED119 /* AppDelegate.swift in Sources */ = {isa = PBXBuildFile; fileRef = 252AEF5324539750004ED119 /* AppDelegate.swift */; };
		252AEF5824539750004ED119 /* ViewController.swift in Sources */ = {isa = PBXBuildFile; fileRef = 252AEF5724539750004ED119 /* ViewController.swift */; };
		252AEF5B24539750004ED119 /* Main.storyboard in Resources */ = {isa = PBXBuildFile; fileRef = 252AEF5924539750004ED119 /* Main.storyboard */; };
		252AEF5D24539752004ED119 /* Assets.xcassets in Resources */ = {isa = PBXBuildFile; fileRef = 252AEF5C24539752004ED119 /* Assets.xcassets */; };
		252AEF6024539752004ED119 /* LaunchScreen.storyboard in Resources */ = {isa = PBXBuildFile; fileRef = 252AEF5E24539752004ED119 /* LaunchScreen.storyboard */; };
		252AEF6B24539752004ED119 /* PetsTests.swift in Sources */ = {isa = PBXBuildFile; fileRef = 252AEF6A24539752004ED119 /* PetsTests.swift */; };
		252AEF77245398F4004ED119 /* NetworkingS in Frameworks */ = {isa = PBXBuildFile; productRef = 252AEF76245398F4004ED119 /* NetworkingS */; };
/* End PBXBuildFile section */

/* Begin PBXContainerItemProxy section */
		252AEF6724539752004ED119 /* PBXContainerItemProxy */ = {
			isa = PBXContainerItemProxy;
			containerPortal = 252AEF4824539750004ED119 /* Project object */;
			proxyType = 1;
			remoteGlobalIDString = 252AEF4F24539750004ED119;
			remoteInfo = Pets;
		};
/* End PBXContainerItemProxy section */

/* Begin PBXFileReference section */
		252AEF5024539750004ED119 /* Pets.app */ = {isa = PBXFileReference; explicitFileType = wrapper.application; includeInIndex = 0; path = Pets.app; sourceTree = BUILT_PRODUCTS_DIR; };
		252AEF5324539750004ED119 /* AppDelegate.swift */ = {isa = PBXFileReference; lastKnownFileType = sourcecode.swift; path = AppDelegate.swift; sourceTree = "<group>"; };
		252AEF5724539750004ED119 /* ViewController.swift */ = {isa = PBXFileReference; lastKnownFileType = sourcecode.swift; path = ViewController.swift; sourceTree = "<group>"; };
		252AEF5A24539750004ED119 /* Base */ = {isa = PBXFileReference; lastKnownFileType = file.storyboard; name = Base; path = Base.lproj/Main.storyboard; sourceTree = "<group>"; };
		252AEF5C24539752004ED119 /* Assets.xcassets */ = {isa = PBXFileReference; lastKnownFileType = folder.assetcatalog; path = Assets.xcassets; sourceTree = "<group>"; };
		252AEF5F24539752004ED119 /* Base */ = {isa = PBXFileReference; lastKnownFileType = file.storyboard; name = Base; path = Base.lproj/LaunchScreen.storyboard; sourceTree = "<group>"; };
		252AEF6124539752004ED119 /* Info.plist */ = {isa = PBXFileReference; lastKnownFileType = text.plist.xml; path = Info.plist; sourceTree = "<group>"; };
		252AEF6624539752004ED119 /* PetsTests.xctest */ = {isa = PBXFileReference; explicitFileType = wrapper.cfbundle; includeInIndex = 0; path = PetsTests.xctest; sourceTree = BUILT_PRODUCTS_DIR; };
		252AEF6A24539752004ED119 /* PetsTests.swift */ = {isa = PBXFileReference; lastKnownFileType = sourcecode.swift; path = PetsTests.swift; sourceTree = "<group>"; };
		252AEF6C24539752004ED119 /* Info.plist */ = {isa = PBXFileReference; lastKnownFileType = text.plist.xml; path = Info.plist; sourceTree = "<group>"; };
/* End PBXFileReference section */

/* Begin PBXFrameworksBuildPhase section */
		252AEF4D24539750004ED119 /* Frameworks */ = {
			isa = PBXFrameworksBuildPhase;
			buildActionMask = 2147483647;
			files = (
				252AEF77245398F4004ED119 /* NetworkingS in Frameworks */,
			);
			runOnlyForDeploymentPostprocessing = 0;
		};
		252AEF6324539752004ED119 /* Frameworks */ = {
			isa = PBXFrameworksBuildPhase;
			buildActionMask = 2147483647;
			files = (
			);
			runOnlyForDeploymentPostprocessing = 0;
		};
/* End PBXFrameworksBuildPhase section */

/* Begin PBXGroup section */
		252AEF4724539750004ED119 = {
			isa = PBXGroup;
			children = (
				252AEF5224539750004ED119 /* Pets */,
				252AEF6924539752004ED119 /* PetsTests */,
				252AEF5124539750004ED119 /* Products */,
			);
			sourceTree = "<group>";
		};
		252AEF5124539750004ED119 /* Products */ = {
			isa = PBXGroup;
			children = (
				252AEF5024539750004ED119 /* Pets.app */,
				252AEF6624539752004ED119 /* PetsTests.xctest */,
			);
			name = Products;
			sourceTree = "<group>";
		};
		252AEF5224539750004ED119 /* Pets */ = {
			isa = PBXGroup;
			children = (
				252AEF5324539750004ED119 /* AppDelegate.swift */,
				252AEF5724539750004ED119 /* ViewController.swift */,
				252AEF5924539750004ED119 /* Main.storyboard */,
				252AEF5C24539752004ED119 /* Assets.xcassets */,
				252AEF5E24539752004ED119 /* LaunchScreen.storyboard */,
				252AEF6124539752004ED119 /* Info.plist */,
			);
			path = Pets;
			sourceTree = "<group>";
		};
		252AEF6924539752004ED119 /* PetsTests */ = {
			isa = PBXGroup;
			children = (
				252AEF6A24539752004ED119 /* PetsTests.swift */,
				252AEF6C24539752004ED119 /* Info.plist */,
			);
			path = PetsTests;
			sourceTree = "<group>";
		};
/* End PBXGroup section */

/* Begin PBXNativeTarget section */
		252AEF4F24539750004ED119 /* Pets */ = {
			isa = PBXNativeTarget;
			buildConfigurationList = 252AEF6F24539752004ED119 /* Build configuration list for PBXNativeTarget "Pets" */;
			buildPhases = (
				252AEF4C24539750004ED119 /* Sources */,
				252AEF4D24539750004ED119 /* Frameworks */,
				252AEF4E24539750004ED119 /* Resources */,
			);
			buildRules = (
			);
			dependencies = (
			);
			name = Pets;
			packageProductDependencies = (
				252AEF76245398F4004ED119 /* NetworkingS */,
			);
			productName = Pets;
			productReference = 252AEF5024539750004ED119 /* Pets.app */;
			productType = "com.apple.product-type.application";
		};
		252AEF6524539752004ED119 /* PetsTests */ = {
			isa = PBXNativeTarget;
			buildConfigurationList = 252AEF7224539752004ED119 /* Build configuration list for PBXNativeTarget "PetsTests" */;
			buildPhases = (
				252AEF6224539752004ED119 /* Sources */,
				252AEF6324539752004ED119 /* Frameworks */,
				252AEF6424539752004ED119 /* Resources */,
			);
			buildRules = (
			);
			dependencies = (
				252AEF6824539752004ED119 /* PBXTargetDependency */,
			);
			name = PetsTests;
			productName = PetsTests;
			productReference = 252AEF6624539752004ED119 /* PetsTests.xctest */;
			productType = "com.apple.product-type.bundle.unit-test";
		};
/* End PBXNativeTarget section */

/* Begin PBXProject section */
		252AEF4824539750004ED119 /* Project object */ = {
			isa = PBXProject;
			attributes = {
				LastSwiftUpdateCheck = 1140;
				LastUpgradeCheck = 1140;
				ORGANIZATIONNAME = "Andrei Popa";
				TargetAttributes = {
					252AEF4F24539750004ED119 = {
						CreatedOnToolsVersion = 11.4;
					};
					252AEF6524539752004ED119 = {
						CreatedOnToolsVersion = 11.4;
						TestTargetID = 252AEF4F24539750004ED119;
					};
				};
			};
			buildConfigurationList = 252AEF4B24539750004ED119 /* Build configuration list for PBXProject "Pets" */;
			compatibilityVersion = "Xcode 9.3";
			developmentRegion = en;
			hasScannedForEncodings = 0;
			knownRegions = (
				en,
				Base,
			);
			mainGroup = 252AEF4724539750004ED119;
			packageReferences = (
				252AEF75245398F4004ED119 /* XCRemoteSwiftPackageReference "NetworkingS" */,
			);
			productRefGroup = 252AEF5124539750004ED119 /* Products */;
			projectDirPath = "";
			projectRoot = "";
			targets = (
				252AEF4F24539750004ED119 /* Pets */,
				252AEF6524539752004ED119 /* PetsTests */,
			);
		};
/* End PBXProject section */

/* Begin PBXResourcesBuildPhase section */
		252AEF4E24539750004ED119 /* Resources */ = {
			isa = PBXResourcesBuildPhase;
			buildActionMask = 2147483647;
			files = (
				252AEF6024539752004ED119 /* LaunchScreen.storyboard in Resources */,
				252AEF5D24539752004ED119 /* Assets.xcassets in Resources */,
				252AEF5B24539750004ED119 /* Main.storyboard in Resources */,
			);
			runOnlyForDeploymentPostprocessing = 0;
		};
		252AEF6424539752004ED119 /* Resources */ = {
			isa = PBXResourcesBuildPhase;
			buildActionMask = 2147483647;
			files = (
			);
			runOnlyForDeploymentPostprocessing = 0;
		};
/* End PBXResourcesBuildPhase section */

/* Begin PBXSourcesBuildPhase section */
		252AEF4C24539750004ED119 /* Sources */ = {
			isa = PBXSourcesBuildPhase;
			buildActionMask = 2147483647;
			files = (
				252AEF5824539750004ED119 /* ViewController.swift in Sources */,
				252AEF5424539750004ED119 /* AppDelegate.swift in Sources */,
			);
			runOnlyForDeploymentPostprocessing = 0;
		};
		252AEF6224539752004ED119 /* Sources */ = {
			isa = PBXSourcesBuildPhase;
			buildActionMask = 2147483647;
			files = (
				252AEF6B24539752004ED119 /* PetsTests.swift in Sources */,
			);
			runOnlyForDeploymentPostprocessing = 0;
		};
/* End PBXSourcesBuildPhase section */

/* Begin PBXTargetDependency section */
		252AEF6824539752004ED119 /* PBXTargetDependency */ = {
			isa = PBXTargetDependency;
			target = 252AEF4F24539750004ED119 /* Pets */;
			targetProxy = 252AEF6724539752004ED119 /* PBXContainerItemProxy */;
		};
/* End PBXTargetDependency section */

/* Begin PBXVariantGroup section */
		252AEF5924539750004ED119 /* Main.storyboard */ = {
			isa = PBXVariantGroup;
			children = (
				252AEF5A24539750004ED119 /* Base */,
			);
			name = Main.storyboard;
			sourceTree = "<group>";
		};
		252AEF5E24539752004ED119 /* LaunchScreen.storyboard */ = {
			isa = PBXVariantGroup;
			children = (
				252AEF5F24539752004ED119 /* Base */,
			);
			name = LaunchScreen.storyboard;
			sourceTree = "<group>";
		};
/* End PBXVariantGroup section */

/* Begin XCBuildConfiguration section */
		252AEF6D24539752004ED119 /* Debug */ = {
			isa = XCBuildConfiguration;
			buildSettings = {
				ALWAYS_SEARCH_USER_PATHS = NO;
				CLANG_ANALYZER_NONNULL = YES;
				CLANG_ANALYZER_NUMBER_OBJECT_CONVERSION = YES_AGGRESSIVE;
				CLANG_CXX_LANGUAGE_STANDARD = "gnu++14";
				CLANG_CXX_LIBRARY = "libc++";
				CLANG_ENABLE_MODULES = YES;
				CLANG_ENABLE_OBJC_ARC = YES;
				CLANG_ENABLE_OBJC_WEAK = YES;
				CLANG_WARN_BLOCK_CAPTURE_AUTORELEASING = YES;
				CLANG_WARN_BOOL_CONVERSION = YES;
				CLANG_WARN_COMMA = YES;
				CLANG_WARN_CONSTANT_CONVERSION = YES;
				CLANG_WARN_DEPRECATED_OBJC_IMPLEMENTATIONS = YES;
				CLANG_WARN_DIRECT_OBJC_ISA_USAGE = YES_ERROR;
				CLANG_WARN_DOCUMENTATION_COMMENTS = YES;
				CLANG_WARN_EMPTY_BODY = YES;
				CLANG_WARN_ENUM_CONVERSION = YES;
				CLANG_WARN_INFINITE_RECURSION = YES;
				CLANG_WARN_INT_CONVERSION = YES;
				CLANG_WARN_NON_LITERAL_NULL_CONVERSION = YES;
				CLANG_WARN_OBJC_IMPLICIT_RETAIN_SELF = YES;
				CLANG_WARN_OBJC_LITERAL_CONVERSION = YES;
				CLANG_WARN_OBJC_ROOT_CLASS = YES_ERROR;
				CLANG_WARN_RANGE_LOOP_ANALYSIS = YES;
				CLANG_WARN_STRICT_PROTOTYPES = YES;
				CLANG_WARN_SUSPICIOUS_MOVE = YES;
				CLANG_WARN_UNGUARDED_AVAILABILITY = YES_AGGRESSIVE;
				CLANG_WARN_UNREACHABLE_CODE = YES;
				CLANG_WARN__DUPLICATE_METHOD_MATCH = YES;
				COPY_PHASE_STRIP = NO;
				DEBUG_INFORMATION_FORMAT = dwarf;
				ENABLE_STRICT_OBJC_MSGSEND = YES;
				ENABLE_TESTABILITY = YES;
				GCC_C_LANGUAGE_STANDARD = gnu11;
				GCC_DYNAMIC_NO_PIC = NO;
				GCC_NO_COMMON_BLOCKS = YES;
				GCC_OPTIMIZATION_LEVEL = 0;
				GCC_PREPROCESSOR_DEFINITIONS = (
					"DEBUG=1",
					"$(inherited)",
				);
				GCC_WARN_64_TO_32_BIT_CONVERSION = YES;
				GCC_WARN_ABOUT_RETURN_TYPE = YES_ERROR;
				GCC_WARN_UNDECLARED_SELECTOR = YES;
				GCC_WARN_UNINITIALIZED_AUTOS = YES_AGGRESSIVE;
				GCC_WARN_UNUSED_FUNCTION = YES;
				GCC_WARN_UNUSED_VARIABLE = YES;
				IPHONEOS_DEPLOYMENT_TARGET = 13.4;
				MTL_ENABLE_DEBUG_INFO = INCLUDE_SOURCE;
				MTL_FAST_MATH = YES;
				ONLY_ACTIVE_ARCH = YES;
				SDKROOT = iphoneos;
				SWIFT_ACTIVE_COMPILATION_CONDITIONS = DEBUG;
				SWIFT_OPTIMIZATION_LEVEL = "-Onone";
			};
			name = Debug;
		};
		252AEF6E24539752004ED119 /* Release */ = {
			isa = XCBuildConfiguration;
			buildSettings = {
				ALWAYS_SEARCH_USER_PATHS = NO;
				CLANG_ANALYZER_NONNULL = YES;
				CLANG_ANALYZER_NUMBER_OBJECT_CONVERSION = YES_AGGRESSIVE;
				CLANG_CXX_LANGUAGE_STANDARD = "gnu++14";
				CLANG_CXX_LIBRARY = "libc++";
				CLANG_ENABLE_MODULES = YES;
				CLANG_ENABLE_OBJC_ARC = YES;
				CLANG_ENABLE_OBJC_WEAK = YES;
				CLANG_WARN_BLOCK_CAPTURE_AUTORELEASING = YES;
				CLANG_WARN_BOOL_CONVERSION = YES;
				CLANG_WARN_COMMA = YES;
				CLANG_WARN_CONSTANT_CONVERSION = YES;
				CLANG_WARN_DEPRECATED_OBJC_IMPLEMENTATIONS = YES;
				CLANG_WARN_DIRECT_OBJC_ISA_USAGE = YES_ERROR;
				CLANG_WARN_DOCUMENTATION_COMMENTS = YES;
				CLANG_WARN_EMPTY_BODY = YES;
				CLANG_WARN_ENUM_CONVERSION = YES;
				CLANG_WARN_INFINITE_RECURSION = YES;
				CLANG_WARN_INT_CONVERSION = YES;
				CLANG_WARN_NON_LITERAL_NULL_CONVERSION = YES;
				CLANG_WARN_OBJC_IMPLICIT_RETAIN_SELF = YES;
				CLANG_WARN_OBJC_LITERAL_CONVERSION = YES;
				CLANG_WARN_OBJC_ROOT_CLASS = YES_ERROR;
				CLANG_WARN_RANGE_LOOP_ANALYSIS = YES;
				CLANG_WARN_STRICT_PROTOTYPES = YES;
				CLANG_WARN_SUSPICIOUS_MOVE = YES;
				CLANG_WARN_UNGUARDED_AVAILABILITY = YES_AGGRESSIVE;
				CLANG_WARN_UNREACHABLE_CODE = YES;
				CLANG_WARN__DUPLICATE_METHOD_MATCH = YES;
				COPY_PHASE_STRIP = NO;
				DEBUG_INFORMATION_FORMAT = "dwarf-with-dsym";
				ENABLE_NS_ASSERTIONS = NO;
				ENABLE_STRICT_OBJC_MSGSEND = YES;
				GCC_C_LANGUAGE_STANDARD = gnu11;
				GCC_NO_COMMON_BLOCKS = YES;
				GCC_WARN_64_TO_32_BIT_CONVERSION = YES;
				GCC_WARN_ABOUT_RETURN_TYPE = YES_ERROR;
				GCC_WARN_UNDECLARED_SELECTOR = YES;
				GCC_WARN_UNINITIALIZED_AUTOS = YES_AGGRESSIVE;
				GCC_WARN_UNUSED_FUNCTION = YES;
				GCC_WARN_UNUSED_VARIABLE = YES;
				IPHONEOS_DEPLOYMENT_TARGET = 13.4;
				MTL_ENABLE_DEBUG_INFO = NO;
				MTL_FAST_MATH = YES;
				SDKROOT = iphoneos;
				SWIFT_COMPILATION_MODE = wholemodule;
				SWIFT_OPTIMIZATION_LEVEL = "-O";
				VALIDATE_PRODUCT = YES;
			};
			name = Release;
		};
		252AEF7024539752004ED119 /* Debug */ = {
			isa = XCBuildConfiguration;
			buildSettings = {
				ASSETCATALOG_COMPILER_APPICON_NAME = AppIcon;
				CODE_SIGN_STYLE = Automatic;
				INFOPLIST_FILE = Pets/Info.plist;
				LD_RUNPATH_SEARCH_PATHS = (
					"$(inherited)",
					"@executable_path/Frameworks",
				);
				PRODUCT_BUNDLE_IDENTIFIER = com.andrei.popa.Pets;
				PRODUCT_NAME = "$(TARGET_NAME)";
				SWIFT_VERSION = 5.0;
				TARGETED_DEVICE_FAMILY = "1,2";
			};
			name = Debug;
		};
		252AEF7124539752004ED119 /* Release */ = {
			isa = XCBuildConfiguration;
			buildSettings = {
				ASSETCATALOG_COMPILER_APPICON_NAME = AppIcon;
				CODE_SIGN_STYLE = Automatic;
				INFOPLIST_FILE = Pets/Info.plist;
				LD_RUNPATH_SEARCH_PATHS = (
					"$(inherited)",
					"@executable_path/Frameworks",
				);
				PRODUCT_BUNDLE_IDENTIFIER = com.andrei.popa.Pets;
				PRODUCT_NAME = "$(TARGET_NAME)";
				SWIFT_VERSION = 5.0;
				TARGETED_DEVICE_FAMILY = "1,2";
			};
			name = Release;
		};
		252AEF7324539752004ED119 /* Debug */ = {
			isa = XCBuildConfiguration;
			buildSettings = {
				ALWAYS_EMBED_SWIFT_STANDARD_LIBRARIES = YES;
				BUNDLE_LOADER = "$(TEST_HOST)";
				CODE_SIGN_STYLE = Automatic;
				INFOPLIST_FILE = PetsTests/Info.plist;
				IPHONEOS_DEPLOYMENT_TARGET = 13.4;
				LD_RUNPATH_SEARCH_PATHS = (
					"$(inherited)",
					"@executable_path/Frameworks",
					"@loader_path/Frameworks",
				);
				PRODUCT_BUNDLE_IDENTIFIER = com.andrei.popa.PetsTests;
				PRODUCT_NAME = "$(TARGET_NAME)";
				SWIFT_VERSION = 5.0;
				TARGETED_DEVICE_FAMILY = "1,2";
				TEST_HOST = "$(BUILT_PRODUCTS_DIR)/Pets.app/Pets";
			};
			name = Debug;
		};
		252AEF7424539752004ED119 /* Release */ = {
			isa = XCBuildConfiguration;
			buildSettings = {
				ALWAYS_EMBED_SWIFT_STANDARD_LIBRARIES = YES;
				BUNDLE_LOADER = "$(TEST_HOST)";
				CODE_SIGN_STYLE = Automatic;
				INFOPLIST_FILE = PetsTests/Info.plist;
				IPHONEOS_DEPLOYMENT_TARGET = 13.4;
				LD_RUNPATH_SEARCH_PATHS = (
					"$(inherited)",
					"@executable_path/Frameworks",
					"@loader_path/Frameworks",
				);
				PRODUCT_BUNDLE_IDENTIFIER = com.andrei.popa.PetsTests;
				PRODUCT_NAME = "$(TARGET_NAME)";
				SWIFT_VERSION = 5.0;
				TARGETED_DEVICE_FAMILY = "1,2";
				TEST_HOST = "$(BUILT_PRODUCTS_DIR)/Pets.app/Pets";
			};
			name = Release;
		};
/* End XCBuildConfiguration section */

/* Begin XCConfigurationList section */
		252AEF4B24539750004ED119 /* Build configuration list for PBXProject "Pets" */ = {
			isa = XCConfigurationList;
			buildConfigurations = (
				252AEF6D24539752004ED119 /* Debug */,
				252AEF6E24539752004ED119 /* Release */,
			);
			defaultConfigurationIsVisible = 0;
			defaultConfigurationName = Release;
		};
		252AEF6F24539752004ED119 /* Build configuration list for PBXNativeTarget "Pets" */ = {
			isa = XCConfigurationList;
			buildConfigurations = (
				252AEF7024539752004ED119 /* Debug */,
				252AEF7124539752004ED119 /* Release */,
			);
			defaultConfigurationIsVisible = 0;
			defaultConfigurationName = Release;
		};
		252AEF7224539752004ED119 /* Build configuration list for PBXNativeTarget "PetsTests" */ = {
			isa = XCConfigurationList;
			buildConfigurations = (
				252AEF7324539752004ED119 /* Debug */,
				252AEF7424539752004ED119 /* Release */,
			);
			defaultConfigurationIsVisible = 0;
			defaultConfigurationName = Release;
		};
/* End XCConfigurationList section */

/* Begin XCRemoteSwiftPackageReference section */
		252AEF75245398F4004ED119 /* XCRemoteSwiftPackageReference "NetworkingS" */ = {
			isa = XCRemoteSwiftPackageReference;
			repositoryURL = "https://github.com/andreipopa1002/NetworkingS";
			requirement = {
				kind = upToNextMajorVersion;
				minimumVersion = 0.0.2;
			};
		};
/* End XCRemoteSwiftPackageReference section */

/* Begin XCSwiftPackageProductDependency section */
		252AEF76245398F4004ED119 /* NetworkingS */ = {
			isa = XCSwiftPackageProductDependency;
			package = 252AEF75245398F4004ED119 /* XCRemoteSwiftPackageReference "NetworkingS" */;
			productName = NetworkingS;
		};
/* End XCSwiftPackageProductDependency section */
	};
	rootObject = 252AEF4824539750004ED119 /* Project object */;
}
